
Microsoft Visual Studio Solution File, Format Version 11.00
# Visual Studio 2010
Project("{FAE04EC0-301F-11D3-BF4B-00C04F79EFBC}") = "Knee_Measurer", "Assembly-CSharp.csproj", "{27F6C2CB-B0AC-BB20-74D2-8802CA0C52A0}"
EndProject
Project("{FAE04EC0-301F-11D3-BF4B-00C04F79EFBC}") = "Knee_Measurer", "Assembly-CSharp-Editor.csproj", "{E4C037F1-195A-B4A0-76B5-E8DDD375A1D4}"
EndProject
Global
	GlobalSection(SolutionConfigurationPlatforms) = preSolution
		Debug|Any CPU = Debug|Any CPU
		Release|Any CPU = Release|Any CPU
	EndGlobalSection
	GlobalSection(ProjectConfigurationPlatforms) = postSolution
		{27F6C2CB-B0AC-BB20-74D2-8802CA0C52A0}.Debug|Any CPU.ActiveCfg = Debug|Any CPU
		{27F6C2CB-B0AC-BB20-74D2-8802CA0C52A0}.Debug|Any CPU.Build.0 = Debug|Any CPU
		{27F6C2CB-B0AC-BB20-74D2-8802CA0C52A0}.Release|Any CPU.ActiveCfg = Release|Any CPU
		{27F6C2CB-B0AC-BB20-74D2-8802CA0C52A0}.Release|Any CPU.Build.0 = Release|Any CPU
		{E4C037F1-195A-B4A0-76B5-E8DDD375A1D4}.Debug|Any CPU.ActiveCfg = Debug|Any CPU
		{E4C037F1-195A-B4A0-76B5-E8DDD375A1D4}.Debug|Any CPU.Build.0 = Debug|Any CPU
		{E4C037F1-195A-B4A0-76B5-E8DDD375A1D4}.Release|Any CPU.ActiveCfg = Release|Any CPU
		{E4C037F1-195A-B4A0-76B5-E8DDD375A1D4}.Release|Any CPU.Build.0 = Release|Any CPU
	EndGlobalSection
	GlobalSection(SolutionProperties) = preSolution
		HideSolutionNode = FALSE
	EndGlobalSection
	GlobalSection(MonoDevelopProperties) = preSolution
		StartupItem = Assembly-CSharp.csproj
	EndGlobalSection
EndGlobal
